
Microsoft Visual Studio Solution File, Format Version 12.00
# Visual Studio Version 16
VisualStudioVersion = 16.0.30907.101
MinimumVisualStudioVersion = 10.0.40219.1
Project("{FAE04EC0-301F-11D3-BF4B-00C04F79EFBC}") = "Screen Brightness Adjuster", "Screen Brightness Adjuster\Screen Brightness Adjuster.csproj", "{5A73FB1E-A345-45AF-96E4-232007FC1C3D}"
EndProject
Global
	GlobalSection(SolutionConfigurationPlatforms) = preSolution
		Debug|Any CPU = Debug|Any CPU
		Release|Any CPU = Release|Any CPU
	EndGlobalSection
	GlobalSection(ProjectConfigurationPlatforms) = postSolution
		{5A73FB1E-A345-45AF-96E4-232007FC1C3D}.Debug|Any CPU.ActiveCfg = Debug|Any CPU
		{5A73FB1E-A345-45AF-96E4-232007FC1C3D}.Debug|Any CPU.Build.0 = Debug|Any CPU
		{5A73FB1E-A345-45AF-96E4-232007FC1C3D}.Release|Any CPU.ActiveCfg = Release|Any CPU
		{5A73FB1E-A345-45AF-96E4-232007FC1C3D}.Release|Any CPU.Build.0 = Release|Any CPU
	EndGlobalSection
	GlobalSection(SolutionProperties) = preSolution
		HideSolutionNode = FALSE
	EndGlobalSection
	GlobalSection(ExtensibilityGlobals) = postSolution
		SolutionGuid = {8EEF41F9-6F53-4C45-8738-62988F176E1A}
	EndGlobalSection
EndGlobal
